
Microsoft Visual Studio Solution File, Format Version 12.00
# Visual Studio Version 17
VisualStudioVersion = 17.5.002.0
MinimumVisualStudioVersion = 10.0.40219.1
Project("{2150E333-8FDC-42A3-9474-1A3956D46DE8}") = "sandbox", "sandbox", "{2DC0D477-E9B5-4644-B1DD-FCBF45244D63}"
EndProject
Project("{9A19103F-16F7-4668-BE54-9A1E7A4F7556}") = "sandbox_project", "sandbox\sandbox_project\sandbox_project.csproj", "{60BDAB69-770A-416A-9A6F-C1F21BE6A0DD}"
EndProject
Project("{2150E333-8FDC-42A3-9474-1A3956D46DE8}") = "week01", "week01", "{B4B814F3-47E5-4CBC-92DC-A82E410D13DA}"
EndProject
Project("{9A19103F-16F7-4668-BE54-9A1E7A4F7556}") = "analyze", "week01\analyze\analyze.csproj", "{C52F5E0E-D9E9-40C0-8499-BB2D385AB934}"
EndProject
Project("{9A19103F-16F7-4668-BE54-9A1E7A4F7556}") = "code", "week01\code\code.csproj", "{DA84AA51-3F93-43A7-9D3B-50F914F0E584}"
EndProject
Project("{9A19103F-16F7-4668-BE54-9A1E7A4F7556}") = "teach", "week01\teach\teach.csproj", "{DF0797D3-66CD-433C-81EB-DE26FF8B90BC}"
EndProject
Project("{2150E333-8FDC-42A3-9474-1A3956D46DE8}") = "week02", "week02", "{08910808-BA17-4ADC-8C2C-1EE54E4C80AC}"
EndProject
Project("{9A19103F-16F7-4668-BE54-9A1E7A4F7556}") = "analyze", "week02\analyze\analyze.csproj", "{F4E7945A-DD22-44FF-9E93-3D431B1CB6CB}"
EndProject
Project("{9A19103F-16F7-4668-BE54-9A1E7A4F7556}") = "code", "week02\code\code.csproj", "{4A476656-F1E1-4AB0-A36D-2E521A708FAB}"
EndProject
Project("{9A19103F-16F7-4668-BE54-9A1E7A4F7556}") = "learn", "week02\learn\learn.csproj", "{BF30AC63-5092-4CEC-AC17-E1B7A74BA149}"
EndProject
Project("{9A19103F-16F7-4668-BE54-9A1E7A4F7556}") = "teach", "week02\teach\teach.csproj", "{8E3CB459-43E5-4250-B94D-28FE9870B6F1}"
EndProject
Project("{2150E333-8FDC-42A3-9474-1A3956D46DE8}") = "week03", "week03", "{7579407C-11AF-49D8-ACC5-4597902A4B36}"
EndProject
Project("{9A19103F-16F7-4668-BE54-9A1E7A4F7556}") = "code", "week03\code\code.csproj", "{5086DB1E-7707-4E41-AD3F-B80788D97545}"
EndProject
Project("{9A19103F-16F7-4668-BE54-9A1E7A4F7556}") = "learn", "week03\learn\learn.csproj", "{49033AAA-F127-4400-BDA1-F77FB5B1F760}"
EndProject
Project("{9A19103F-16F7-4668-BE54-9A1E7A4F7556}") = "teach", "week03\teach\teach.csproj", "{C1B678DD-52FE-4254-ADE5-4F341F94764D}"
EndProject
Project("{2150E333-8FDC-42A3-9474-1A3956D46DE8}") = "week04", "week04", "{1A66F1F3-08A9-4189-B19A-F05B3B2D1DCC}"
EndProject
Project("{9A19103F-16F7-4668-BE54-9A1E7A4F7556}") = "code", "week04\code\code.csproj", "{ECE2D0F7-20E5-424D-B2CD-D1B9BD8D7D28}"
EndProject
Project("{2150E333-8FDC-42A3-9474-1A3956D46DE8}") = "week05", "week05", "{83070989-0315-4483-A4AF-7877BC74BD19}"
EndProject
Project("{9A19103F-16F7-4668-BE54-9A1E7A4F7556}") = "code", "week05\code\code.csproj", "{3988AD9F-6BA7-429F-943D-BAEA7021B4B9}"
EndProject
Project("{2150E333-8FDC-42A3-9474-1A3956D46DE8}") = "week06", "week06", "{8DCC9EBC-0EAC-4149-884C-E4234266DCB3}"
EndProject
Project("{9A19103F-16F7-4668-BE54-9A1E7A4F7556}") = "code", "week06\code\code.csproj", "{F878079E-5C11-4CDC-8AF7-4050E4BDE13C}"
EndProject
Global
	GlobalSection(SolutionConfigurationPlatforms) = preSolution
		Debug|Any CPU = Debug|Any CPU
		Release|Any CPU = Release|Any CPU
	EndGlobalSection
	GlobalSection(ProjectConfigurationPlatforms) = postSolution
		{60BDAB69-770A-416A-9A6F-C1F21BE6A0DD}.Debug|Any CPU.ActiveCfg = Debug|Any CPU
		{60BDAB69-770A-416A-9A6F-C1F21BE6A0DD}.Debug|Any CPU.Build.0 = Debug|Any CPU
		{60BDAB69-770A-416A-9A6F-C1F21BE6A0DD}.Release|Any CPU.ActiveCfg = Release|Any CPU
		{60BDAB69-770A-416A-9A6F-C1F21BE6A0DD}.Release|Any CPU.Build.0 = Release|Any CPU
		{C52F5E0E-D9E9-40C0-8499-BB2D385AB934}.Debug|Any CPU.ActiveCfg = Debug|Any CPU
		{C52F5E0E-D9E9-40C0-8499-BB2D385AB934}.Debug|Any CPU.Build.0 = Debug|Any CPU
		{C52F5E0E-D9E9-40C0-8499-BB2D385AB934}.Release|Any CPU.ActiveCfg = Release|Any CPU
		{C52F5E0E-D9E9-40C0-8499-BB2D385AB934}.Release|Any CPU.Build.0 = Release|Any CPU
		{DA84AA51-3F93-43A7-9D3B-50F914F0E584}.Debug|Any CPU.ActiveCfg = Debug|Any CPU
		{DA84AA51-3F93-43A7-9D3B-50F914F0E584}.Debug|Any CPU.Build.0 = Debug|Any CPU
		{DA84AA51-3F93-43A7-9D3B-50F914F0E584}.Release|Any CPU.ActiveCfg = Release|Any CPU
		{DA84AA51-3F93-43A7-9D3B-50F914F0E584}.Release|Any CPU.Build.0 = Release|Any CPU
		{DF0797D3-66CD-433C-81EB-DE26FF8B90BC}.Debug|Any CPU.ActiveCfg = Debug|Any CPU
		{DF0797D3-66CD-433C-81EB-DE26FF8B90BC}.Debug|Any CPU.Build.0 = Debug|Any CPU
		{DF0797D3-66CD-433C-81EB-DE26FF8B90BC}.Release|Any CPU.ActiveCfg = Release|Any CPU
		{DF0797D3-66CD-433C-81EB-DE26FF8B90BC}.Release|Any CPU.Build.0 = Release|Any CPU
		{F4E7945A-DD22-44FF-9E93-3D431B1CB6CB}.Debug|Any CPU.ActiveCfg = Debug|Any CPU
		{F4E7945A-DD22-44FF-9E93-3D431B1CB6CB}.Debug|Any CPU.Build.0 = Debug|Any CPU
		{F4E7945A-DD22-44FF-9E93-3D431B1CB6CB}.Release|Any CPU.ActiveCfg = Release|Any CPU
		{F4E7945A-DD22-44FF-9E93-3D431B1CB6CB}.Release|Any CPU.Build.0 = Release|Any CPU
		{4A476656-F1E1-4AB0-A36D-2E521A708FAB}.Debug|Any CPU.ActiveCfg = Debug|Any CPU
		{4A476656-F1E1-4AB0-A36D-2E521A708FAB}.Debug|Any CPU.Build.0 = Debug|Any CPU
		{4A476656-F1E1-4AB0-A36D-2E521A708FAB}.Release|Any CPU.ActiveCfg = Release|Any CPU
		{4A476656-F1E1-4AB0-A36D-2E521A708FAB}.Release|Any CPU.Build.0 = Release|Any CPU
		{BF30AC63-5092-4CEC-AC17-E1B7A74BA149}.Debug|Any CPU.ActiveCfg = Debug|Any CPU
		{BF30AC63-5092-4CEC-AC17-E1B7A74BA149}.Debug|Any CPU.Build.0 = Debug|Any CPU
		{BF30AC63-5092-4CEC-AC17-E1B7A74BA149}.Release|Any CPU.ActiveCfg = Release|Any CPU
		{BF30AC63-5092-4CEC-AC17-E1B7A74BA149}.Release|Any CPU.Build.0 = Release|Any CPU
		{8E3CB459-43E5-4250-B94D-28FE9870B6F1}.Debug|Any CPU.ActiveCfg = Debug|Any CPU
		{8E3CB459-43E5-4250-B94D-28FE9870B6F1}.Debug|Any CPU.Build.0 = Debug|Any CPU
		{8E3CB459-43E5-4250-B94D-28FE9870B6F1}.Release|Any CPU.ActiveCfg = Release|Any CPU
		{8E3CB459-43E5-4250-B94D-28FE9870B6F1}.Release|Any CPU.Build.0 = Release|Any CPU
		{5086DB1E-7707-4E41-AD3F-B80788D97545}.Debug|Any CPU.ActiveCfg = Debug|Any CPU
		{5086DB1E-7707-4E41-AD3F-B80788D97545}.Debug|Any CPU.Build.0 = Debug|Any CPU
		{5086DB1E-7707-4E41-AD3F-B80788D97545}.Release|Any CPU.ActiveCfg = Release|Any CPU
		{5086DB1E-7707-4E41-AD3F-B80788D97545}.Release|Any CPU.Build.0 = Release|Any CPU
		{49033AAA-F127-4400-BDA1-F77FB5B1F760}.Debug|Any CPU.ActiveCfg = Debug|Any CPU
		{49033AAA-F127-4400-BDA1-F77FB5B1F760}.Debug|Any CPU.Build.0 = Debug|Any CPU
		{49033AAA-F127-4400-BDA1-F77FB5B1F760}.Release|Any CPU.ActiveCfg = Release|Any CPU
		{49033AAA-F127-4400-BDA1-F77FB5B1F760}.Release|Any CPU.Build.0 = Release|Any CPU
		{C1B678DD-52FE-4254-ADE5-4F341F94764D}.Debug|Any CPU.ActiveCfg = Debug|Any CPU
		{C1B678DD-52FE-4254-ADE5-4F341F94764D}.Debug|Any CPU.Build.0 = Debug|Any CPU
		{C1B678DD-52FE-4254-ADE5-4F341F94764D}.Release|Any CPU.ActiveCfg = Release|Any CPU
		{C1B678DD-52FE-4254-ADE5-4F341F94764D}.Release|Any CPU.Build.0 = Release|Any CPU
		{ECE2D0F7-20E5-424D-B2CD-D1B9BD8D7D28}.Debug|Any CPU.ActiveCfg = Debug|Any CPU
		{ECE2D0F7-20E5-424D-B2CD-D1B9BD8D7D28}.Debug|Any CPU.Build.0 = Debug|Any CPU
		{ECE2D0F7-20E5-424D-B2CD-D1B9BD8D7D28}.Release|Any CPU.ActiveCfg = Release|Any CPU
		{ECE2D0F7-20E5-424D-B2CD-D1B9BD8D7D28}.Release|Any CPU.Build.0 = Release|Any CPU
		{3988AD9F-6BA7-429F-943D-BAEA7021B4B9}.Debug|Any CPU.ActiveCfg = Debug|Any CPU
		{3988AD9F-6BA7-429F-943D-BAEA7021B4B9}.Debug|Any CPU.Build.0 = Debug|Any CPU
		{3988AD9F-6BA7-429F-943D-BAEA7021B4B9}.Release|Any CPU.ActiveCfg = Release|Any CPU
		{3988AD9F-6BA7-429F-943D-BAEA7021B4B9}.Release|Any CPU.Build.0 = Release|Any CPU
		{F878079E-5C11-4CDC-8AF7-4050E4BDE13C}.Debug|Any CPU.ActiveCfg = Debug|Any CPU
		{F878079E-5C11-4CDC-8AF7-4050E4BDE13C}.Debug|Any CPU.Build.0 = Debug|Any CPU
		{F878079E-5C11-4CDC-8AF7-4050E4BDE13C}.Release|Any CPU.ActiveCfg = Release|Any CPU
		{F878079E-5C11-4CDC-8AF7-4050E4BDE13C}.Release|Any CPU.Build.0 = Release|Any CPU
	EndGlobalSection
	GlobalSection(SolutionProperties) = preSolution
		HideSolutionNode = FALSE
	EndGlobalSection
	GlobalSection(NestedProjects) = preSolution
		{60BDAB69-770A-416A-9A6F-C1F21BE6A0DD} = {2DC0D477-E9B5-4644-B1DD-FCBF45244D63}
		{C52F5E0E-D9E9-40C0-8499-BB2D385AB934} = {B4B814F3-47E5-4CBC-92DC-A82E410D13DA}
		{DA84AA51-3F93-43A7-9D3B-50F914F0E584} = {B4B814F3-47E5-4CBC-92DC-A82E410D13DA}
		{DF0797D3-66CD-433C-81EB-DE26FF8B90BC} = {B4B814F3-47E5-4CBC-92DC-A82E410D13DA}
		{F4E7945A-DD22-44FF-9E93-3D431B1CB6CB} = {08910808-BA17-4ADC-8C2C-1EE54E4C80AC}
		{4A476656-F1E1-4AB0-A36D-2E521A708FAB} = {08910808-BA17-4ADC-8C2C-1EE54E4C80AC}
		{BF30AC63-5092-4CEC-AC17-E1B7A74BA149} = {08910808-BA17-4ADC-8C2C-1EE54E4C80AC}
		{8E3CB459-43E5-4250-B94D-28FE9870B6F1} = {08910808-BA17-4ADC-8C2C-1EE54E4C80AC}
		{5086DB1E-7707-4E41-AD3F-B80788D97545} = {7579407C-11AF-49D8-ACC5-4597902A4B36}
		{49033AAA-F127-4400-BDA1-F77FB5B1F760} = {7579407C-11AF-49D8-ACC5-4597902A4B36}
		{C1B678DD-52FE-4254-ADE5-4F341F94764D} = {7579407C-11AF-49D8-ACC5-4597902A4B36}
		{ECE2D0F7-20E5-424D-B2CD-D1B9BD8D7D28} = {1A66F1F3-08A9-4189-B19A-F05B3B2D1DCC}
		{3988AD9F-6BA7-429F-943D-BAEA7021B4B9} = {83070989-0315-4483-A4AF-7877BC74BD19}
		{F878079E-5C11-4CDC-8AF7-4050E4BDE13C} = {8DCC9EBC-0EAC-4149-884C-E4234266DCB3}
	EndGlobalSection
	GlobalSection(ExtensibilityGlobals) = postSolution
		SolutionGuid = {EAF2F2D3-B4D1-46EF-AABF-829E04983742}
	EndGlobalSection
EndGlobal
